
Microsoft Visual Studio Solution File, Format Version 12.00
# Visual Studio Version 16
VisualStudioVersion = 16.0.31205.134
MinimumVisualStudioVersion = 10.0.40219.1
Project("{2150E333-8FDC-42A3-9474-1A3956D46DE8}") = "Gateway", "Gateway", "{F923B7B7-A3EB-4888-A8C8-7FB8E571193E}"
EndProject
Project("{2150E333-8FDC-42A3-9474-1A3956D46DE8}") = "UserService", "UserService", "{19BE57C2-9E6E-4523-A92D-B6B1E4D9508D}"
EndProject
Project("{9A19103F-16F7-4668-BE54-9A1E7A4F7556}") = "UserService.Api", "UserService\UserService.Api\UserService.Api.csproj", "{FCCFFC67-C66B-412E-91E4-6617C2DA606A}"
EndProject
Project("{9A19103F-16F7-4668-BE54-9A1E7A4F7556}") = "UserService.Application", "UserService\UserService.Application\UserService.Application.csproj", "{1193990E-D060-43D9-A552-3ACCB21CA8A5}"
EndProject
Project("{9A19103F-16F7-4668-BE54-9A1E7A4F7556}") = "UserService.Core", "UserService\UserService.Core\UserService.Core.csproj", "{6585E66F-8F07-4AD0-AF04-532C7E65567A}"
EndProject
Project("{9A19103F-16F7-4668-BE54-9A1E7A4F7556}") = "UserService.Infrastructure", "UserService\UserService.Infrastructure\UserService.Infrastructure.csproj", "{347EAA97-F2A0-47CE-8334-A12AF242878D}"
EndProject
Project("{9A19103F-16F7-4668-BE54-9A1E7A4F7556}") = "UserService.Test", "UserService\UserService.Test\UserService.Test.csproj", "{20FE5390-D2F1-4344-85B9-18E8000FA741}"
EndProject
Project("{2150E333-8FDC-42A3-9474-1A3956D46DE8}") = "ProductService", "ProductService", "{A54A8C1E-394A-42E2-877E-8EFFDCBC9323}"
EndProject
Project("{9A19103F-16F7-4668-BE54-9A1E7A4F7556}") = "ProductService.Api", "ProductService\ProductService.Api\ProductService.Api.csproj", "{F99F4889-7189-40C1-8BA0-874BF3B066BD}"
EndProject
Project("{9A19103F-16F7-4668-BE54-9A1E7A4F7556}") = "ProductService.Application", "ProductService\ProductService.Application\ProductService.Application.csproj", "{B728751A-08D9-4C83-B3D6-6044A5D5E2E8}"
EndProject
Project("{9A19103F-16F7-4668-BE54-9A1E7A4F7556}") = "ProductService.Core", "ProductService\ProductService.Core\ProductService.Core.csproj", "{93301F6A-3082-46AB-A584-5E5DE8891921}"
EndProject
Project("{9A19103F-16F7-4668-BE54-9A1E7A4F7556}") = "ProductService.Infrastructure", "ProductService\ProductService.Infrastructure\ProductService.Infrastructure.csproj", "{F87A5969-71C7-4C07-9092-6FB214D5428F}"
EndProject
Project("{9A19103F-16F7-4668-BE54-9A1E7A4F7556}") = "ProductService.Test", "ProductService\ProductService.Test\ProductService.Test.csproj", "{13EE8C45-F578-470E-896B-A6CF4E52BC54}"
EndProject
Project("{9A19103F-16F7-4668-BE54-9A1E7A4F7556}") = "Gateway.Api", "Gateway\Gateway.Api\Gateway.Api.csproj", "{6A545EEE-9635-448D-9192-AE011BA8D2F4}"
EndProject
Project("{E53339B2-1760-4266-BCC7-CA923CBCF16C}") = "docker-compose", "docker-compose.dcproj", "{8B68999F-8B1E-4668-985C-443D06304437}"
EndProject
Global
	GlobalSection(SolutionConfigurationPlatforms) = preSolution
		Debug|Any CPU = Debug|Any CPU
		Release|Any CPU = Release|Any CPU
	EndGlobalSection
	GlobalSection(ProjectConfigurationPlatforms) = postSolution
		{FCCFFC67-C66B-412E-91E4-6617C2DA606A}.Debug|Any CPU.ActiveCfg = Debug|Any CPU
		{FCCFFC67-C66B-412E-91E4-6617C2DA606A}.Debug|Any CPU.Build.0 = Debug|Any CPU
		{FCCFFC67-C66B-412E-91E4-6617C2DA606A}.Release|Any CPU.ActiveCfg = Release|Any CPU
		{FCCFFC67-C66B-412E-91E4-6617C2DA606A}.Release|Any CPU.Build.0 = Release|Any CPU
		{1193990E-D060-43D9-A552-3ACCB21CA8A5}.Debug|Any CPU.ActiveCfg = Debug|Any CPU
		{1193990E-D060-43D9-A552-3ACCB21CA8A5}.Debug|Any CPU.Build.0 = Debug|Any CPU
		{1193990E-D060-43D9-A552-3ACCB21CA8A5}.Release|Any CPU.ActiveCfg = Release|Any CPU
		{1193990E-D060-43D9-A552-3ACCB21CA8A5}.Release|Any CPU.Build.0 = Release|Any CPU
		{6585E66F-8F07-4AD0-AF04-532C7E65567A}.Debug|Any CPU.ActiveCfg = Debug|Any CPU
		{6585E66F-8F07-4AD0-AF04-532C7E65567A}.Debug|Any CPU.Build.0 = Debug|Any CPU
		{6585E66F-8F07-4AD0-AF04-532C7E65567A}.Release|Any CPU.ActiveCfg = Release|Any CPU
		{6585E66F-8F07-4AD0-AF04-532C7E65567A}.Release|Any CPU.Build.0 = Release|Any CPU
		{347EAA97-F2A0-47CE-8334-A12AF242878D}.Debug|Any CPU.ActiveCfg = Debug|Any CPU
		{347EAA97-F2A0-47CE-8334-A12AF242878D}.Debug|Any CPU.Build.0 = Debug|Any CPU
		{347EAA97-F2A0-47CE-8334-A12AF242878D}.Release|Any CPU.ActiveCfg = Release|Any CPU
		{347EAA97-F2A0-47CE-8334-A12AF242878D}.Release|Any CPU.Build.0 = Release|Any CPU
		{20FE5390-D2F1-4344-85B9-18E8000FA741}.Debug|Any CPU.ActiveCfg = Debug|Any CPU
		{20FE5390-D2F1-4344-85B9-18E8000FA741}.Debug|Any CPU.Build.0 = Debug|Any CPU
		{20FE5390-D2F1-4344-85B9-18E8000FA741}.Release|Any CPU.ActiveCfg = Release|Any CPU
		{20FE5390-D2F1-4344-85B9-18E8000FA741}.Release|Any CPU.Build.0 = Release|Any CPU
		{F99F4889-7189-40C1-8BA0-874BF3B066BD}.Debug|Any CPU.ActiveCfg = Debug|Any CPU
		{F99F4889-7189-40C1-8BA0-874BF3B066BD}.Debug|Any CPU.Build.0 = Debug|Any CPU
		{F99F4889-7189-40C1-8BA0-874BF3B066BD}.Release|Any CPU.ActiveCfg = Release|Any CPU
		{F99F4889-7189-40C1-8BA0-874BF3B066BD}.Release|Any CPU.Build.0 = Release|Any CPU
		{B728751A-08D9-4C83-B3D6-6044A5D5E2E8}.Debug|Any CPU.ActiveCfg = Debug|Any CPU
		{B728751A-08D9-4C83-B3D6-6044A5D5E2E8}.Debug|Any CPU.Build.0 = Debug|Any CPU
		{B728751A-08D9-4C83-B3D6-6044A5D5E2E8}.Release|Any CPU.ActiveCfg = Release|Any CPU
		{B728751A-08D9-4C83-B3D6-6044A5D5E2E8}.Release|Any CPU.Build.0 = Release|Any CPU
		{93301F6A-3082-46AB-A584-5E5DE8891921}.Debug|Any CPU.ActiveCfg = Debug|Any CPU
		{93301F6A-3082-46AB-A584-5E5DE8891921}.Debug|Any CPU.Build.0 = Debug|Any CPU
		{93301F6A-3082-46AB-A584-5E5DE8891921}.Release|Any CPU.ActiveCfg = Release|Any CPU
		{93301F6A-3082-46AB-A584-5E5DE8891921}.Release|Any CPU.Build.0 = Release|Any CPU
		{F87A5969-71C7-4C07-9092-6FB214D5428F}.Debug|Any CPU.ActiveCfg = Debug|Any CPU
		{F87A5969-71C7-4C07-9092-6FB214D5428F}.Debug|Any CPU.Build.0 = Debug|Any CPU
		{F87A5969-71C7-4C07-9092-6FB214D5428F}.Release|Any CPU.ActiveCfg = Release|Any CPU
		{F87A5969-71C7-4C07-9092-6FB214D5428F}.Release|Any CPU.Build.0 = Release|Any CPU
		{13EE8C45-F578-470E-896B-A6CF4E52BC54}.Debug|Any CPU.ActiveCfg = Debug|Any CPU
		{13EE8C45-F578-470E-896B-A6CF4E52BC54}.Debug|Any CPU.Build.0 = Debug|Any CPU
		{13EE8C45-F578-470E-896B-A6CF4E52BC54}.Release|Any CPU.ActiveCfg = Release|Any CPU
		{13EE8C45-F578-470E-896B-A6CF4E52BC54}.Release|Any CPU.Build.0 = Release|Any CPU
		{6A545EEE-9635-448D-9192-AE011BA8D2F4}.Debug|Any CPU.ActiveCfg = Debug|Any CPU
		{6A545EEE-9635-448D-9192-AE011BA8D2F4}.Debug|Any CPU.Build.0 = Debug|Any CPU
		{6A545EEE-9635-448D-9192-AE011BA8D2F4}.Release|Any CPU.ActiveCfg = Release|Any CPU
		{6A545EEE-9635-448D-9192-AE011BA8D2F4}.Release|Any CPU.Build.0 = Release|Any CPU
		{8B68999F-8B1E-4668-985C-443D06304437}.Debug|Any CPU.ActiveCfg = Debug|Any CPU
		{8B68999F-8B1E-4668-985C-443D06304437}.Debug|Any CPU.Build.0 = Debug|Any CPU
		{8B68999F-8B1E-4668-985C-443D06304437}.Release|Any CPU.ActiveCfg = Release|Any CPU
		{8B68999F-8B1E-4668-985C-443D06304437}.Release|Any CPU.Build.0 = Release|Any CPU
	EndGlobalSection
	GlobalSection(SolutionProperties) = preSolution
		HideSolutionNode = FALSE
	EndGlobalSection
	GlobalSection(NestedProjects) = preSolution
		{FCCFFC67-C66B-412E-91E4-6617C2DA606A} = {19BE57C2-9E6E-4523-A92D-B6B1E4D9508D}
		{1193990E-D060-43D9-A552-3ACCB21CA8A5} = {19BE57C2-9E6E-4523-A92D-B6B1E4D9508D}
		{6585E66F-8F07-4AD0-AF04-532C7E65567A} = {19BE57C2-9E6E-4523-A92D-B6B1E4D9508D}
		{347EAA97-F2A0-47CE-8334-A12AF242878D} = {19BE57C2-9E6E-4523-A92D-B6B1E4D9508D}
		{20FE5390-D2F1-4344-85B9-18E8000FA741} = {19BE57C2-9E6E-4523-A92D-B6B1E4D9508D}
		{F99F4889-7189-40C1-8BA0-874BF3B066BD} = {A54A8C1E-394A-42E2-877E-8EFFDCBC9323}
		{B728751A-08D9-4C83-B3D6-6044A5D5E2E8} = {A54A8C1E-394A-42E2-877E-8EFFDCBC9323}
		{93301F6A-3082-46AB-A584-5E5DE8891921} = {A54A8C1E-394A-42E2-877E-8EFFDCBC9323}
		{F87A5969-71C7-4C07-9092-6FB214D5428F} = {A54A8C1E-394A-42E2-877E-8EFFDCBC9323}
		{13EE8C45-F578-470E-896B-A6CF4E52BC54} = {A54A8C1E-394A-42E2-877E-8EFFDCBC9323}
		{6A545EEE-9635-448D-9192-AE011BA8D2F4} = {F923B7B7-A3EB-4888-A8C8-7FB8E571193E}
	EndGlobalSection
	GlobalSection(ExtensibilityGlobals) = postSolution
		SolutionGuid = {A4FD4F69-A99D-4885-90EF-58FEE1656F4B}
	EndGlobalSection
EndGlobal
